// !$*UTF8*$!
{
	archiveVersion = 1;
	classes = {
	};
	objectVersion = 56;
	objects = {

/* Begin PBXBuildFile section */
		AF042477290A696D00288BEB /* HomeView.swift in Sources */ = {isa = PBXBuildFile; fileRef = AF042476290A696D00288BEB /* HomeView.swift */; };
		AF4AF760291238FB0085C82C /* HeaderTitleModifier.swift in Sources */ = {isa = PBXBuildFile; fileRef = AF4AF75F291238FB0085C82C /* HeaderTitleModifier.swift */; };
		AFA552562907FD3F00CD1051 /* TextFieldModifier.swift in Sources */ = {isa = PBXBuildFile; fileRef = AFA552552907FD3F00CD1051 /* TextFieldModifier.swift */; };
		AFA5525A2908007200CD1051 /* BookCard.swift in Sources */ = {isa = PBXBuildFile; fileRef = AFA552592908007200CD1051 /* BookCard.swift */; };
		AFA5525D290808AE00CD1051 /* mockBooks.json in Resources */ = {isa = PBXBuildFile; fileRef = AFA5525C290808AE00CD1051 /* mockBooks.json */; };
		AFA5525F2908092800CD1051 /* ModelData.swift in Sources */ = {isa = PBXBuildFile; fileRef = AFA5525E2908092800CD1051 /* ModelData.swift */; };
		AFA552622908098F00CD1051 /* Book.swift in Sources */ = {isa = PBXBuildFile; fileRef = AFA552612908098F00CD1051 /* Book.swift */; };
		AFA552642908DE1900CD1051 /* AppView.swift in Sources */ = {isa = PBXBuildFile; fileRef = AFA552632908DE1900CD1051 /* AppView.swift */; };
		AFA552662908DE2700CD1051 /* CustomButton.swift in Sources */ = {isa = PBXBuildFile; fileRef = AFA552652908DE2700CD1051 /* CustomButton.swift */; };
		AFA552682908DE3F00CD1051 /* LoginForm.swift in Sources */ = {isa = PBXBuildFile; fileRef = AFA552672908DE3F00CD1051 /* LoginForm.swift */; };
		AFA5526A290966FA00CD1051 /* IconButton.swift in Sources */ = {isa = PBXBuildFile; fileRef = AFA55269290966F900CD1051 /* IconButton.swift */; };
		AFA552702909798400CD1051 /* Color.swift in Sources */ = {isa = PBXBuildFile; fileRef = AFA5526F2909798400CD1051 /* Color.swift */; };
		AFBDD8CB2906AA6C00BEB8E9 /* WBooksApp.swift in Sources */ = {isa = PBXBuildFile; fileRef = AFBDD8CA2906AA6C00BEB8E9 /* WBooksApp.swift */; };
		AFBDD8CF2906AA6E00BEB8E9 /* Assets.xcassets in Resources */ = {isa = PBXBuildFile; fileRef = AFBDD8CE2906AA6E00BEB8E9 /* Assets.xcassets */; };
		AFBDD8D22906AA6E00BEB8E9 /* Preview Assets.xcassets in Resources */ = {isa = PBXBuildFile; fileRef = AFBDD8D12906AA6E00BEB8E9 /* Preview Assets.xcassets */; };
		AFBDD8DC2906AA6F00BEB8E9 /* WBooksTests.swift in Sources */ = {isa = PBXBuildFile; fileRef = AFBDD8DB2906AA6F00BEB8E9 /* WBooksTests.swift */; };
		AFBDD8E62906AA6F00BEB8E9 /* WBooksUITests.swift in Sources */ = {isa = PBXBuildFile; fileRef = AFBDD8E52906AA6F00BEB8E9 /* WBooksUITests.swift */; };
		AFBDD8E82906AA6F00BEB8E9 /* WBooksUITestsLaunchTests.swift in Sources */ = {isa = PBXBuildFile; fileRef = AFBDD8E72906AA6F00BEB8E9 /* WBooksUITestsLaunchTests.swift */; };
		AFE97BDF29077D80001B29C8 /* ImageBackground.swift in Sources */ = {isa = PBXBuildFile; fileRef = AFE97BDE29077D80001B29C8 /* ImageBackground.swift */; };
		AFE97BF329079903001B29C8 /* BookList.swift in Sources */ = {isa = PBXBuildFile; fileRef = AFE97BF229079903001B29C8 /* BookList.swift */; };
/* End PBXBuildFile section */

/* Begin PBXContainerItemProxy section */
		AFBDD8D82906AA6F00BEB8E9 /* PBXContainerItemProxy */ = {
			isa = PBXContainerItemProxy;
			containerPortal = AFBDD8BF2906AA6C00BEB8E9 /* Project object */;
			proxyType = 1;
			remoteGlobalIDString = AFBDD8C62906AA6C00BEB8E9;
			remoteInfo = WBooks;
		};
		AFBDD8E22906AA6F00BEB8E9 /* PBXContainerItemProxy */ = {
			isa = PBXContainerItemProxy;
			containerPortal = AFBDD8BF2906AA6C00BEB8E9 /* Project object */;
			proxyType = 1;
			remoteGlobalIDString = AFBDD8C62906AA6C00BEB8E9;
			remoteInfo = WBooks;
		};
/* End PBXContainerItemProxy section */

/* Begin PBXFileReference section */
		AF042476290A696D00288BEB /* HomeView.swift */ = {isa = PBXFileReference; lastKnownFileType = sourcecode.swift; path = HomeView.swift; sourceTree = "<group>"; };
		AF4AF75F291238FB0085C82C /* HeaderTitleModifier.swift */ = {isa = PBXFileReference; lastKnownFileType = sourcecode.swift; path = HeaderTitleModifier.swift; sourceTree = "<group>"; };
		AFA552552907FD3F00CD1051 /* TextFieldModifier.swift */ = {isa = PBXFileReference; lastKnownFileType = sourcecode.swift; path = TextFieldModifier.swift; sourceTree = "<group>"; };
		AFA552592908007200CD1051 /* BookCard.swift */ = {isa = PBXFileReference; lastKnownFileType = sourcecode.swift; path = BookCard.swift; sourceTree = "<group>"; };
		AFA5525C290808AE00CD1051 /* mockBooks.json */ = {isa = PBXFileReference; fileEncoding = 4; lastKnownFileType = text.json; path = mockBooks.json; sourceTree = "<group>"; };
		AFA5525E2908092800CD1051 /* ModelData.swift */ = {isa = PBXFileReference; lastKnownFileType = sourcecode.swift; path = ModelData.swift; sourceTree = "<group>"; };
		AFA552612908098F00CD1051 /* Book.swift */ = {isa = PBXFileReference; lastKnownFileType = sourcecode.swift; path = Book.swift; sourceTree = "<group>"; };
		AFA552632908DE1900CD1051 /* AppView.swift */ = {isa = PBXFileReference; fileEncoding = 4; lastKnownFileType = sourcecode.swift; path = AppView.swift; sourceTree = "<group>"; };
		AFA552652908DE2700CD1051 /* CustomButton.swift */ = {isa = PBXFileReference; fileEncoding = 4; lastKnownFileType = sourcecode.swift; path = CustomButton.swift; sourceTree = "<group>"; };
		AFA552672908DE3F00CD1051 /* LoginForm.swift */ = {isa = PBXFileReference; fileEncoding = 4; lastKnownFileType = sourcecode.swift; path = LoginForm.swift; sourceTree = "<group>"; };
		AFA55269290966F900CD1051 /* IconButton.swift */ = {isa = PBXFileReference; lastKnownFileType = sourcecode.swift; path = IconButton.swift; sourceTree = "<group>"; };
		AFA5526F2909798400CD1051 /* Color.swift */ = {isa = PBXFileReference; lastKnownFileType = sourcecode.swift; path = Color.swift; sourceTree = "<group>"; };
		AFBDD8C72906AA6C00BEB8E9 /* WBooks.app */ = {isa = PBXFileReference; explicitFileType = wrapper.application; includeInIndex = 0; path = WBooks.app; sourceTree = BUILT_PRODUCTS_DIR; };
		AFBDD8CA2906AA6C00BEB8E9 /* WBooksApp.swift */ = {isa = PBXFileReference; lastKnownFileType = sourcecode.swift; path = WBooksApp.swift; sourceTree = "<group>"; };
		AFBDD8CE2906AA6E00BEB8E9 /* Assets.xcassets */ = {isa = PBXFileReference; lastKnownFileType = folder.assetcatalog; path = Assets.xcassets; sourceTree = "<group>"; };
		AFBDD8D12906AA6E00BEB8E9 /* Preview Assets.xcassets */ = {isa = PBXFileReference; lastKnownFileType = folder.assetcatalog; path = "Preview Assets.xcassets"; sourceTree = "<group>"; };
		AFBDD8D72906AA6F00BEB8E9 /* WBooksTests.xctest */ = {isa = PBXFileReference; explicitFileType = wrapper.cfbundle; includeInIndex = 0; path = WBooksTests.xctest; sourceTree = BUILT_PRODUCTS_DIR; };
		AFBDD8DB2906AA6F00BEB8E9 /* WBooksTests.swift */ = {isa = PBXFileReference; lastKnownFileType = sourcecode.swift; path = WBooksTests.swift; sourceTree = "<group>"; };
		AFBDD8E12906AA6F00BEB8E9 /* WBooksUITests.xctest */ = {isa = PBXFileReference; explicitFileType = wrapper.cfbundle; includeInIndex = 0; path = WBooksUITests.xctest; sourceTree = BUILT_PRODUCTS_DIR; };
		AFBDD8E52906AA6F00BEB8E9 /* WBooksUITests.swift */ = {isa = PBXFileReference; lastKnownFileType = sourcecode.swift; path = WBooksUITests.swift; sourceTree = "<group>"; };
		AFBDD8E72906AA6F00BEB8E9 /* WBooksUITestsLaunchTests.swift */ = {isa = PBXFileReference; lastKnownFileType = sourcecode.swift; path = WBooksUITestsLaunchTests.swift; sourceTree = "<group>"; };
		AFE97BDE29077D80001B29C8 /* ImageBackground.swift */ = {isa = PBXFileReference; lastKnownFileType = sourcecode.swift; path = ImageBackground.swift; sourceTree = "<group>"; };
		AFE97BF229079903001B29C8 /* BookList.swift */ = {isa = PBXFileReference; lastKnownFileType = sourcecode.swift; path = BookList.swift; sourceTree = "<group>"; };
/* End PBXFileReference section */

/* Begin PBXFrameworksBuildPhase section */
		AFBDD8C42906AA6C00BEB8E9 /* Frameworks */ = {
			isa = PBXFrameworksBuildPhase;
			buildActionMask = 2147483647;
			files = (
			);
			runOnlyForDeploymentPostprocessing = 0;
		};
		AFBDD8D42906AA6F00BEB8E9 /* Frameworks */ = {
			isa = PBXFrameworksBuildPhase;
			buildActionMask = 2147483647;
			files = (
			);
			runOnlyForDeploymentPostprocessing = 0;
		};
		AFBDD8DE2906AA6F00BEB8E9 /* Frameworks */ = {
			isa = PBXFrameworksBuildPhase;
			buildActionMask = 2147483647;
			files = (
			);
			runOnlyForDeploymentPostprocessing = 0;
		};
/* End PBXFrameworksBuildPhase section */

/* Begin PBXGroup section */
		AFA552572907FDBB00CD1051 /* Modifiers */ = {
			isa = PBXGroup;
			children = (
				AFA552552907FD3F00CD1051 /* TextFieldModifier.swift */,
				AF4AF75F291238FB0085C82C /* HeaderTitleModifier.swift */,
			);
			path = Modifiers;
			sourceTree = "<group>";
		};
		AFA552582907FDDD00CD1051 /* Views */ = {
			isa = PBXGroup;
			children = (
				AFA552632908DE1900CD1051 /* AppView.swift */,
				AF042476290A696D00288BEB /* HomeView.swift */,
				AFA552592908007200CD1051 /* BookCard.swift */,
				AFE97BF229079903001B29C8 /* BookList.swift */,
				AFA552652908DE2700CD1051 /* CustomButton.swift */,
				AFA55269290966F900CD1051 /* IconButton.swift */,
				AFE97BDE29077D80001B29C8 /* ImageBackground.swift */,
				AFA552672908DE3F00CD1051 /* LoginForm.swift */,
			);
			path = Views;
			sourceTree = "<group>";
		};
		AFA5525B2908071E00CD1051 /* Resources */ = {
			isa = PBXGroup;
			children = (
				AFA5525C290808AE00CD1051 /* mockBooks.json */,
			);
			path = Resources;
			sourceTree = "<group>";
		};
		AFA552602908095F00CD1051 /* Model */ = {
			isa = PBXGroup;
			children = (
				AFA5525E2908092800CD1051 /* ModelData.swift */,
				AFA552612908098F00CD1051 /* Book.swift */,
			);
			path = Model;
			sourceTree = "<group>";
		};
		AFA5526E2909796900CD1051 /* Utils */ = {
			isa = PBXGroup;
			children = (
				AFA5526F2909798400CD1051 /* Color.swift */,
			);
			path = Utils;
			sourceTree = "<group>";
		};
		AFBDD8BE2906AA6C00BEB8E9 = {
			isa = PBXGroup;
			children = (
				AFBDD8C92906AA6C00BEB8E9 /* WBooks */,
				AFBDD8DA2906AA6F00BEB8E9 /* WBooksTests */,
				AFBDD8E42906AA6F00BEB8E9 /* WBooksUITests */,
				AFBDD8C82906AA6C00BEB8E9 /* Products */,
			);
			sourceTree = "<group>";
		};
		AFBDD8C82906AA6C00BEB8E9 /* Products */ = {
			isa = PBXGroup;
			children = (
				AFBDD8C72906AA6C00BEB8E9 /* WBooks.app */,
				AFBDD8D72906AA6F00BEB8E9 /* WBooksTests.xctest */,
				AFBDD8E12906AA6F00BEB8E9 /* WBooksUITests.xctest */,
			);
			name = Products;
			sourceTree = "<group>";
		};
		AFBDD8C92906AA6C00BEB8E9 /* WBooks */ = {
			isa = PBXGroup;
			children = (
				AFBDD8CA2906AA6C00BEB8E9 /* WBooksApp.swift */,
				AFA552582907FDDD00CD1051 /* Views */,
				AFA552602908095F00CD1051 /* Model */,
				AFA552572907FDBB00CD1051 /* Modifiers */,
				AFBDD8CE2906AA6E00BEB8E9 /* Assets.xcassets */,
				AFA5526E2909796900CD1051 /* Utils */,
				AFA5525B2908071E00CD1051 /* Resources */,
				AFBDD8D02906AA6E00BEB8E9 /* Preview Content */,
			);
			path = WBooks;
			sourceTree = "<group>";
		};
		AFBDD8D02906AA6E00BEB8E9 /* Preview Content */ = {
			isa = PBXGroup;
			children = (
				AFBDD8D12906AA6E00BEB8E9 /* Preview Assets.xcassets */,
			);
			path = "Preview Content";
			sourceTree = "<group>";
		};
		AFBDD8DA2906AA6F00BEB8E9 /* WBooksTests */ = {
			isa = PBXGroup;
			children = (
				AFBDD8DB2906AA6F00BEB8E9 /* WBooksTests.swift */,
			);
			path = WBooksTests;
			sourceTree = "<group>";
		};
		AFBDD8E42906AA6F00BEB8E9 /* WBooksUITests */ = {
			isa = PBXGroup;
			children = (
				AFBDD8E52906AA6F00BEB8E9 /* WBooksUITests.swift */,
				AFBDD8E72906AA6F00BEB8E9 /* WBooksUITestsLaunchTests.swift */,
			);
			path = WBooksUITests;
			sourceTree = "<group>";
		};
/* End PBXGroup section */

/* Begin PBXNativeTarget section */
		AFBDD8C62906AA6C00BEB8E9 /* WBooks */ = {
			isa = PBXNativeTarget;
			buildConfigurationList = AFBDD8EB2906AA6F00BEB8E9 /* Build configuration list for PBXNativeTarget "WBooks" */;
			buildPhases = (
				AFBDD8C32906AA6C00BEB8E9 /* Sources */,
				AFBDD8C42906AA6C00BEB8E9 /* Frameworks */,
				AFBDD8C52906AA6C00BEB8E9 /* Resources */,
			);
			buildRules = (
			);
			dependencies = (
			);
			name = WBooks;
			productName = WBooks;
			productReference = AFBDD8C72906AA6C00BEB8E9 /* WBooks.app */;
			productType = "com.apple.product-type.application";
		};
		AFBDD8D62906AA6F00BEB8E9 /* WBooksTests */ = {
			isa = PBXNativeTarget;
			buildConfigurationList = AFBDD8EE2906AA6F00BEB8E9 /* Build configuration list for PBXNativeTarget "WBooksTests" */;
			buildPhases = (
				AFBDD8D32906AA6F00BEB8E9 /* Sources */,
				AFBDD8D42906AA6F00BEB8E9 /* Frameworks */,
				AFBDD8D52906AA6F00BEB8E9 /* Resources */,
			);
			buildRules = (
			);
			dependencies = (
				AFBDD8D92906AA6F00BEB8E9 /* PBXTargetDependency */,
			);
			name = WBooksTests;
			productName = WBooksTests;
			productReference = AFBDD8D72906AA6F00BEB8E9 /* WBooksTests.xctest */;
			productType = "com.apple.product-type.bundle.unit-test";
		};
		AFBDD8E02906AA6F00BEB8E9 /* WBooksUITests */ = {
			isa = PBXNativeTarget;
			buildConfigurationList = AFBDD8F12906AA6F00BEB8E9 /* Build configuration list for PBXNativeTarget "WBooksUITests" */;
			buildPhases = (
				AFBDD8DD2906AA6F00BEB8E9 /* Sources */,
				AFBDD8DE2906AA6F00BEB8E9 /* Frameworks */,
				AFBDD8DF2906AA6F00BEB8E9 /* Resources */,
			);
			buildRules = (
			);
			dependencies = (
				AFBDD8E32906AA6F00BEB8E9 /* PBXTargetDependency */,
			);
			name = WBooksUITests;
			productName = WBooksUITests;
			productReference = AFBDD8E12906AA6F00BEB8E9 /* WBooksUITests.xctest */;
			productType = "com.apple.product-type.bundle.ui-testing";
		};
/* End PBXNativeTarget section */

/* Begin PBXProject section */
		AFBDD8BF2906AA6C00BEB8E9 /* Project object */ = {
			isa = PBXProject;
			attributes = {
				BuildIndependentTargetsInParallel = 1;
				LastSwiftUpdateCheck = 1400;
				LastUpgradeCheck = 1400;
				TargetAttributes = {
					AFBDD8C62906AA6C00BEB8E9 = {
						CreatedOnToolsVersion = 14.0.1;
					};
					AFBDD8D62906AA6F00BEB8E9 = {
						CreatedOnToolsVersion = 14.0.1;
						TestTargetID = AFBDD8C62906AA6C00BEB8E9;
					};
					AFBDD8E02906AA6F00BEB8E9 = {
						CreatedOnToolsVersion = 14.0.1;
						TestTargetID = AFBDD8C62906AA6C00BEB8E9;
					};
				};
			};
			buildConfigurationList = AFBDD8C22906AA6C00BEB8E9 /* Build configuration list for PBXProject "WBooks" */;
			compatibilityVersion = "Xcode 14.0";
			developmentRegion = en;
			hasScannedForEncodings = 0;
			knownRegions = (
				en,
				Base,
			);
			mainGroup = AFBDD8BE2906AA6C00BEB8E9;
			productRefGroup = AFBDD8C82906AA6C00BEB8E9 /* Products */;
			projectDirPath = "";
			projectRoot = "";
			targets = (
				AFBDD8C62906AA6C00BEB8E9 /* WBooks */,
				AFBDD8D62906AA6F00BEB8E9 /* WBooksTests */,
				AFBDD8E02906AA6F00BEB8E9 /* WBooksUITests */,
			);
		};
/* End PBXProject section */

/* Begin PBXResourcesBuildPhase section */
		AFBDD8C52906AA6C00BEB8E9 /* Resources */ = {
			isa = PBXResourcesBuildPhase;
			buildActionMask = 2147483647;
			files = (
				AFBDD8D22906AA6E00BEB8E9 /* Preview Assets.xcassets in Resources */,
				AFA5525D290808AE00CD1051 /* mockBooks.json in Resources */,
				AFBDD8CF2906AA6E00BEB8E9 /* Assets.xcassets in Resources */,
			);
			runOnlyForDeploymentPostprocessing = 0;
		};
		AFBDD8D52906AA6F00BEB8E9 /* Resources */ = {
			isa = PBXResourcesBuildPhase;
			buildActionMask = 2147483647;
			files = (
			);
			runOnlyForDeploymentPostprocessing = 0;
		};
		AFBDD8DF2906AA6F00BEB8E9 /* Resources */ = {
			isa = PBXResourcesBuildPhase;
			buildActionMask = 2147483647;
			files = (
			);
			runOnlyForDeploymentPostprocessing = 0;
		};
/* End PBXResourcesBuildPhase section */

/* Begin PBXSourcesBuildPhase section */
		AFBDD8C32906AA6C00BEB8E9 /* Sources */ = {
			isa = PBXSourcesBuildPhase;
			buildActionMask = 2147483647;
			files = (
				AFE97BF329079903001B29C8 /* BookList.swift in Sources */,
				AFE97BDF29077D80001B29C8 /* ImageBackground.swift in Sources */,
				AF042477290A696D00288BEB /* HomeView.swift in Sources */,
				AFA552702909798400CD1051 /* Color.swift in Sources */,
				AFA5525F2908092800CD1051 /* ModelData.swift in Sources */,
				AFA552562907FD3F00CD1051 /* TextFieldModifier.swift in Sources */,
				AF4AF760291238FB0085C82C /* HeaderTitleModifier.swift in Sources */,
				AFA552642908DE1900CD1051 /* AppView.swift in Sources */,
				AFA552682908DE3F00CD1051 /* LoginForm.swift in Sources */,
				AFA5526A290966FA00CD1051 /* IconButton.swift in Sources */,
				AFA552662908DE2700CD1051 /* CustomButton.swift in Sources */,
				AFA5525A2908007200CD1051 /* BookCard.swift in Sources */,
				AFA552622908098F00CD1051 /* Book.swift in Sources */,
				AFBDD8CB2906AA6C00BEB8E9 /* WBooksApp.swift in Sources */,
			);
			runOnlyForDeploymentPostprocessing = 0;
		};
		AFBDD8D32906AA6F00BEB8E9 /* Sources */ = {
			isa = PBXSourcesBuildPhase;
			buildActionMask = 2147483647;
			files = (
				AFBDD8DC2906AA6F00BEB8E9 /* WBooksTests.swift in Sources */,
			);
			runOnlyForDeploymentPostprocessing = 0;
		};
		AFBDD8DD2906AA6F00BEB8E9 /* Sources */ = {
			isa = PBXSourcesBuildPhase;
			buildActionMask = 2147483647;
			files = (
				AFBDD8E62906AA6F00BEB8E9 /* WBooksUITests.swift in Sources */,
				AFBDD8E82906AA6F00BEB8E9 /* WBooksUITestsLaunchTests.swift in Sources */,
			);
			runOnlyForDeploymentPostprocessing = 0;
		};
/* End PBXSourcesBuildPhase section */

/* Begin PBXTargetDependency section */
		AFBDD8D92906AA6F00BEB8E9 /* PBXTargetDependency */ = {
			isa = PBXTargetDependency;
			target = AFBDD8C62906AA6C00BEB8E9 /* WBooks */;
			targetProxy = AFBDD8D82906AA6F00BEB8E9 /* PBXContainerItemProxy */;
		};
		AFBDD8E32906AA6F00BEB8E9 /* PBXTargetDependency */ = {
			isa = PBXTargetDependency;
			target = AFBDD8C62906AA6C00BEB8E9 /* WBooks */;
			targetProxy = AFBDD8E22906AA6F00BEB8E9 /* PBXContainerItemProxy */;
		};
/* End PBXTargetDependency section */

/* Begin XCBuildConfiguration section */
		AFBDD8E92906AA6F00BEB8E9 /* Debug */ = {
			isa = XCBuildConfiguration;
			buildSettings = {
				ALWAYS_SEARCH_USER_PATHS = NO;
				CLANG_ANALYZER_NONNULL = YES;
				CLANG_ANALYZER_NUMBER_OBJECT_CONVERSION = YES_AGGRESSIVE;
				CLANG_CXX_LANGUAGE_STANDARD = "gnu++20";
				CLANG_ENABLE_MODULES = YES;
				CLANG_ENABLE_OBJC_ARC = YES;
				CLANG_ENABLE_OBJC_WEAK = YES;
				CLANG_WARN_BLOCK_CAPTURE_AUTORELEASING = YES;
				CLANG_WARN_BOOL_CONVERSION = YES;
				CLANG_WARN_COMMA = YES;
				CLANG_WARN_CONSTANT_CONVERSION = YES;
				CLANG_WARN_DEPRECATED_OBJC_IMPLEMENTATIONS = YES;
				CLANG_WARN_DIRECT_OBJC_ISA_USAGE = YES_ERROR;
				CLANG_WARN_DOCUMENTATION_COMMENTS = YES;
				CLANG_WARN_EMPTY_BODY = YES;
				CLANG_WARN_ENUM_CONVERSION = YES;
				CLANG_WARN_INFINITE_RECURSION = YES;
				CLANG_WARN_INT_CONVERSION = YES;
				CLANG_WARN_NON_LITERAL_NULL_CONVERSION = YES;
				CLANG_WARN_OBJC_IMPLICIT_RETAIN_SELF = YES;
				CLANG_WARN_OBJC_LITERAL_CONVERSION = YES;
				CLANG_WARN_OBJC_ROOT_CLASS = YES_ERROR;
				CLANG_WARN_QUOTED_INCLUDE_IN_FRAMEWORK_HEADER = YES;
				CLANG_WARN_RANGE_LOOP_ANALYSIS = YES;
				CLANG_WARN_STRICT_PROTOTYPES = YES;
				CLANG_WARN_SUSPICIOUS_MOVE = YES;
				CLANG_WARN_UNGUARDED_AVAILABILITY = YES_AGGRESSIVE;
				CLANG_WARN_UNREACHABLE_CODE = YES;
				CLANG_WARN__DUPLICATE_METHOD_MATCH = YES;
				COPY_PHASE_STRIP = NO;
				DEBUG_INFORMATION_FORMAT = dwarf;
				ENABLE_STRICT_OBJC_MSGSEND = YES;
				ENABLE_TESTABILITY = YES;
				GCC_C_LANGUAGE_STANDARD = gnu11;
				GCC_DYNAMIC_NO_PIC = NO;
				GCC_NO_COMMON_BLOCKS = YES;
				GCC_OPTIMIZATION_LEVEL = 0;
				GCC_PREPROCESSOR_DEFINITIONS = (
					"DEBUG=1",
					"$(inherited)",
				);
				GCC_WARN_64_TO_32_BIT_CONVERSION = YES;
				GCC_WARN_ABOUT_RETURN_TYPE = YES_ERROR;
				GCC_WARN_UNDECLARED_SELECTOR = YES;
				GCC_WARN_UNINITIALIZED_AUTOS = YES_AGGRESSIVE;
				GCC_WARN_UNUSED_FUNCTION = YES;
				GCC_WARN_UNUSED_VARIABLE = YES;
				IPHONEOS_DEPLOYMENT_TARGET = 16.0;
				MTL_ENABLE_DEBUG_INFO = INCLUDE_SOURCE;
				MTL_FAST_MATH = YES;
				ONLY_ACTIVE_ARCH = YES;
				SDKROOT = iphoneos;
				SWIFT_ACTIVE_COMPILATION_CONDITIONS = DEBUG;
				SWIFT_OPTIMIZATION_LEVEL = "-Onone";
			};
			name = Debug;
		};
		AFBDD8EA2906AA6F00BEB8E9 /* Release */ = {
			isa = XCBuildConfiguration;
			buildSettings = {
				ALWAYS_SEARCH_USER_PATHS = NO;
				CLANG_ANALYZER_NONNULL = YES;
				CLANG_ANALYZER_NUMBER_OBJECT_CONVERSION = YES_AGGRESSIVE;
				CLANG_CXX_LANGUAGE_STANDARD = "gnu++20";
				CLANG_ENABLE_MODULES = YES;
				CLANG_ENABLE_OBJC_ARC = YES;
				CLANG_ENABLE_OBJC_WEAK = YES;
				CLANG_WARN_BLOCK_CAPTURE_AUTORELEASING = YES;
				CLANG_WARN_BOOL_CONVERSION = YES;
				CLANG_WARN_COMMA = YES;
				CLANG_WARN_CONSTANT_CONVERSION = YES;
				CLANG_WARN_DEPRECATED_OBJC_IMPLEMENTATIONS = YES;
				CLANG_WARN_DIRECT_OBJC_ISA_USAGE = YES_ERROR;
				CLANG_WARN_DOCUMENTATION_COMMENTS = YES;
				CLANG_WARN_EMPTY_BODY = YES;
				CLANG_WARN_ENUM_CONVERSION = YES;
				CLANG_WARN_INFINITE_RECURSION = YES;
				CLANG_WARN_INT_CONVERSION = YES;
				CLANG_WARN_NON_LITERAL_NULL_CONVERSION = YES;
				CLANG_WARN_OBJC_IMPLICIT_RETAIN_SELF = YES;
				CLANG_WARN_OBJC_LITERAL_CONVERSION = YES;
				CLANG_WARN_OBJC_ROOT_CLASS = YES_ERROR;
				CLANG_WARN_QUOTED_INCLUDE_IN_FRAMEWORK_HEADER = YES;
				CLANG_WARN_RANGE_LOOP_ANALYSIS = YES;
				CLANG_WARN_STRICT_PROTOTYPES = YES;
				CLANG_WARN_SUSPICIOUS_MOVE = YES;
				CLANG_WARN_UNGUARDED_AVAILABILITY = YES_AGGRESSIVE;
				CLANG_WARN_UNREACHABLE_CODE = YES;
				CLANG_WARN__DUPLICATE_METHOD_MATCH = YES;
				COPY_PHASE_STRIP = NO;
				DEBUG_INFORMATION_FORMAT = "dwarf-with-dsym";
				ENABLE_NS_ASSERTIONS = NO;
				ENABLE_STRICT_OBJC_MSGSEND = YES;
				GCC_C_LANGUAGE_STANDARD = gnu11;
				GCC_NO_COMMON_BLOCKS = YES;
				GCC_WARN_64_TO_32_BIT_CONVERSION = YES;
				GCC_WARN_ABOUT_RETURN_TYPE = YES_ERROR;
				GCC_WARN_UNDECLARED_SELECTOR = YES;
				GCC_WARN_UNINITIALIZED_AUTOS = YES_AGGRESSIVE;
				GCC_WARN_UNUSED_FUNCTION = YES;
				GCC_WARN_UNUSED_VARIABLE = YES;
				IPHONEOS_DEPLOYMENT_TARGET = 16.0;
				MTL_ENABLE_DEBUG_INFO = NO;
				MTL_FAST_MATH = YES;
				SDKROOT = iphoneos;
				SWIFT_COMPILATION_MODE = wholemodule;
				SWIFT_OPTIMIZATION_LEVEL = "-O";
				VALIDATE_PRODUCT = YES;
			};
			name = Release;
		};
		AFBDD8EC2906AA6F00BEB8E9 /* Debug */ = {
			isa = XCBuildConfiguration;
			buildSettings = {
				ASSETCATALOG_COMPILER_APPICON_NAME = AppIcon;
				ASSETCATALOG_COMPILER_GLOBAL_ACCENT_COLOR_NAME = AccentColor;
				CODE_SIGN_STYLE = Automatic;
				CURRENT_PROJECT_VERSION = 1;
				DEVELOPMENT_ASSET_PATHS = "\"WBooks/Preview Content\"";
				ENABLE_PREVIEWS = YES;
				GENERATE_INFOPLIST_FILE = YES;
				INFOPLIST_KEY_UIApplicationSceneManifest_Generation = YES;
				INFOPLIST_KEY_UIApplicationSupportsIndirectInputEvents = YES;
				INFOPLIST_KEY_UILaunchScreen_Generation = YES;
				INFOPLIST_KEY_UISupportedInterfaceOrientations_iPad = "UIInterfaceOrientationPortrait UIInterfaceOrientationPortraitUpsideDown UIInterfaceOrientationLandscapeLeft UIInterfaceOrientationLandscapeRight";
				INFOPLIST_KEY_UISupportedInterfaceOrientations_iPhone = "UIInterfaceOrientationPortrait UIInterfaceOrientationLandscapeLeft UIInterfaceOrientationLandscapeRight";
				IPHONEOS_DEPLOYMENT_TARGET = 15.6;
				LD_RUNPATH_SEARCH_PATHS = (
					"$(inherited)",
					"@executable_path/Frameworks",
				);
				MARKETING_VERSION = 1.0;
				PRODUCT_BUNDLE_IDENTIFIER = com.wolox.WBooks;
				PRODUCT_NAME = "$(TARGET_NAME)";
				SWIFT_EMIT_LOC_STRINGS = YES;
				SWIFT_VERSION = 5.0;
				TARGETED_DEVICE_FAMILY = "1,2";
			};
			name = Debug;
		};
		AFBDD8ED2906AA6F00BEB8E9 /* Release */ = {
			isa = XCBuildConfiguration;
			buildSettings = {
				ASSETCATALOG_COMPILER_APPICON_NAME = AppIcon;
				ASSETCATALOG_COMPILER_GLOBAL_ACCENT_COLOR_NAME = AccentColor;
				CODE_SIGN_STYLE = Automatic;
				CURRENT_PROJECT_VERSION = 1;
				DEVELOPMENT_ASSET_PATHS = "\"WBooks/Preview Content\"";
				ENABLE_PREVIEWS = YES;
				GENERATE_INFOPLIST_FILE = YES;
				INFOPLIST_KEY_UIApplicationSceneManifest_Generation = YES;
				INFOPLIST_KEY_UIApplicationSupportsIndirectInputEvents = YES;
				INFOPLIST_KEY_UILaunchScreen_Generation = YES;
				INFOPLIST_KEY_UISupportedInterfaceOrientations_iPad = "UIInterfaceOrientationPortrait UIInterfaceOrientationPortraitUpsideDown UIInterfaceOrientationLandscapeLeft UIInterfaceOrientationLandscapeRight";
				INFOPLIST_KEY_UISupportedInterfaceOrientations_iPhone = "UIInterfaceOrientationPortrait UIInterfaceOrientationLandscapeLeft UIInterfaceOrientationLandscapeRight";
				IPHONEOS_DEPLOYMENT_TARGET = 15.6;
				LD_RUNPATH_SEARCH_PATHS = (
					"$(inherited)",
					"@executable_path/Frameworks",
				);
				MARKETING_VERSION = 1.0;
				PRODUCT_BUNDLE_IDENTIFIER = com.wolox.WBooks;
				PRODUCT_NAME = "$(TARGET_NAME)";
				SWIFT_EMIT_LOC_STRINGS = YES;
				SWIFT_VERSION = 5.0;
				TARGETED_DEVICE_FAMILY = "1,2";
			};
			name = Release;
		};
		AFBDD8EF2906AA6F00BEB8E9 /* Debug */ = {
			isa = XCBuildConfiguration;
			buildSettings = {
				ALWAYS_EMBED_SWIFT_STANDARD_LIBRARIES = YES;
				BUNDLE_LOADER = "$(TEST_HOST)";
				CODE_SIGN_STYLE = Automatic;
				CURRENT_PROJECT_VERSION = 1;
				GENERATE_INFOPLIST_FILE = YES;
				IPHONEOS_DEPLOYMENT_TARGET = 16.0;
				MARKETING_VERSION = 1.0;
				PRODUCT_BUNDLE_IDENTIFIER = com.wolox.WBooksTests;
				PRODUCT_NAME = "$(TARGET_NAME)";
				SWIFT_EMIT_LOC_STRINGS = NO;
				SWIFT_VERSION = 5.0;
				TARGETED_DEVICE_FAMILY = "1,2";
				TEST_HOST = "$(BUILT_PRODUCTS_DIR)/WBooks.app/$(BUNDLE_EXECUTABLE_FOLDER_PATH)/WBooks";
			};
			name = Debug;
		};
		AFBDD8F02906AA6F00BEB8E9 /* Release */ = {
			isa = XCBuildConfiguration;
			buildSettings = {
				ALWAYS_EMBED_SWIFT_STANDARD_LIBRARIES = YES;
				BUNDLE_LOADER = "$(TEST_HOST)";
				CODE_SIGN_STYLE = Automatic;
				CURRENT_PROJECT_VERSION = 1;
				GENERATE_INFOPLIST_FILE = YES;
				IPHONEOS_DEPLOYMENT_TARGET = 16.0;
				MARKETING_VERSION = 1.0;
				PRODUCT_BUNDLE_IDENTIFIER = com.wolox.WBooksTests;
				PRODUCT_NAME = "$(TARGET_NAME)";
				SWIFT_EMIT_LOC_STRINGS = NO;
				SWIFT_VERSION = 5.0;
				TARGETED_DEVICE_FAMILY = "1,2";
				TEST_HOST = "$(BUILT_PRODUCTS_DIR)/WBooks.app/$(BUNDLE_EXECUTABLE_FOLDER_PATH)/WBooks";
			};
			name = Release;
		};
		AFBDD8F22906AA6F00BEB8E9 /* Debug */ = {
			isa = XCBuildConfiguration;
			buildSettings = {
				ALWAYS_EMBED_SWIFT_STANDARD_LIBRARIES = YES;
				CODE_SIGN_STYLE = Automatic;
				CURRENT_PROJECT_VERSION = 1;
				GENERATE_INFOPLIST_FILE = YES;
				MARKETING_VERSION = 1.0;
				PRODUCT_BUNDLE_IDENTIFIER = com.wolox.WBooksUITests;
				PRODUCT_NAME = "$(TARGET_NAME)";
				SWIFT_EMIT_LOC_STRINGS = NO;
				SWIFT_VERSION = 5.0;
				TARGETED_DEVICE_FAMILY = "1,2";
				TEST_TARGET_NAME = WBooks;
			};
			name = Debug;
		};
		AFBDD8F32906AA6F00BEB8E9 /* Release */ = {
			isa = XCBuildConfiguration;
			buildSettings = {
				ALWAYS_EMBED_SWIFT_STANDARD_LIBRARIES = YES;
				CODE_SIGN_STYLE = Automatic;
				CURRENT_PROJECT_VERSION = 1;
				GENERATE_INFOPLIST_FILE = YES;
				MARKETING_VERSION = 1.0;
				PRODUCT_BUNDLE_IDENTIFIER = com.wolox.WBooksUITests;
				PRODUCT_NAME = "$(TARGET_NAME)";
				SWIFT_EMIT_LOC_STRINGS = NO;
				SWIFT_VERSION = 5.0;
				TARGETED_DEVICE_FAMILY = "1,2";
				TEST_TARGET_NAME = WBooks;
			};
			name = Release;
		};
/* End XCBuildConfiguration section */

/* Begin XCConfigurationList section */
		AFBDD8C22906AA6C00BEB8E9 /* Build configuration list for PBXProject "WBooks" */ = {
			isa = XCConfigurationList;
			buildConfigurations = (
				AFBDD8E92906AA6F00BEB8E9 /* Debug */,
				AFBDD8EA2906AA6F00BEB8E9 /* Release */,
			);
			defaultConfigurationIsVisible = 0;
			defaultConfigurationName = Release;
		};
		AFBDD8EB2906AA6F00BEB8E9 /* Build configuration list for PBXNativeTarget "WBooks" */ = {
			isa = XCConfigurationList;
			buildConfigurations = (
				AFBDD8EC2906AA6F00BEB8E9 /* Debug */,
				AFBDD8ED2906AA6F00BEB8E9 /* Release */,
			);
			defaultConfigurationIsVisible = 0;
			defaultConfigurationName = Release;
		};
		AFBDD8EE2906AA6F00BEB8E9 /* Build configuration list for PBXNativeTarget "WBooksTests" */ = {
			isa = XCConfigurationList;
			buildConfigurations = (
				AFBDD8EF2906AA6F00BEB8E9 /* Debug */,
				AFBDD8F02906AA6F00BEB8E9 /* Release */,
			);
			defaultConfigurationIsVisible = 0;
			defaultConfigurationName = Release;
		};
		AFBDD8F12906AA6F00BEB8E9 /* Build configuration list for PBXNativeTarget "WBooksUITests" */ = {
			isa = XCConfigurationList;
			buildConfigurations = (
				AFBDD8F22906AA6F00BEB8E9 /* Debug */,
				AFBDD8F32906AA6F00BEB8E9 /* Release */,
			);
			defaultConfigurationIsVisible = 0;
			defaultConfigurationName = Release;
		};
/* End XCConfigurationList section */
	};
	rootObject = AFBDD8BF2906AA6C00BEB8E9 /* Project object */;
}
